
Microsoft Visual Studio Solution File, Format Version 12.00
# Visual Studio 15
VisualStudioVersion = 15.0.28307.572
MinimumVisualStudioVersion = 10.0.40219.1
Project("{FAE04EC0-301F-11D3-BF4B-00C04F79EFBC}") = "Lode", "Lode\Lode.csproj", "{ECDA0ECB-6DB6-44F3-A25A-6EFA274421BE}"
EndProject
Global
	GlobalSection(SolutionConfigurationPlatforms) = preSolution
		Debug|Any CPU = Debug|Any CPU
		Release|Any CPU = Release|Any CPU
	EndGlobalSection
	GlobalSection(ProjectConfigurationPlatforms) = postSolution
		{ECDA0ECB-6DB6-44F3-A25A-6EFA274421BE}.Debug|Any CPU.ActiveCfg = Debug|Any CPU
		{ECDA0ECB-6DB6-44F3-A25A-6EFA274421BE}.Debug|Any CPU.Build.0 = Debug|Any CPU
		{ECDA0ECB-6DB6-44F3-A25A-6EFA274421BE}.Release|Any CPU.ActiveCfg = Release|Any CPU
		{ECDA0ECB-6DB6-44F3-A25A-6EFA274421BE}.Release|Any CPU.Build.0 = Release|Any CPU
	EndGlobalSection
	GlobalSection(SolutionProperties) = preSolution
		HideSolutionNode = FALSE
	EndGlobalSection
	GlobalSection(ExtensibilityGlobals) = postSolution
		SolutionGuid = {56EC81FE-0C5E-46E9-8733-F6D6255E5BBA}
	EndGlobalSection
EndGlobal
